Microsoft Visual Studio Solution File, Format Version 11.00
# Visual Studio 2008

Project("{CCD72A8E-E548-6596-0C59-75261CF46E65}") = "Coffee_ArtLevel", "Assembly-CSharp.csproj", "{55886B5E-E675-4AB1-D5C4-5E2DEA9EA046}"
EndProject
Global
	GlobalSection(SolutionConfigurationPlatforms) = preSolution
		Debug|Any CPU = Debug|Any CPU
		Release|Any CPU = Release|Any CPU
	EndGlobalSection
	GlobalSection(ProjectConfigurationPlatforms) = postSolution
		{55886B5E-E675-4AB1-D5C4-5E2DEA9EA046}.Debug|Any CPU.ActiveCfg = Debug|Any CPU
		{55886B5E-E675-4AB1-D5C4-5E2DEA9EA046}.Debug|Any CPU.Build.0 = Debug|Any CPU
		{55886B5E-E675-4AB1-D5C4-5E2DEA9EA046}.Release|Any CPU.ActiveCfg = Release|Any CPU
		{55886B5E-E675-4AB1-D5C4-5E2DEA9EA046}.Release|Any CPU.Build.0 = Release|Any CPU
	EndGlobalSection
	GlobalSection(SolutionProperties) = preSolution
		HideSolutionNode = FALSE
	EndGlobalSection
	GlobalSection(MonoDevelopProperties) = preSolution
		StartupItem = Assembly-CSharp.csproj
	EndGlobalSection
EndGlobal
