Microsoft Visual Studio Solution File, Format Version 11.00
# Visual Studio 2008

Project("{64C3BB3C-2E1A-0B42-14A7-64E3109AB221}") = "CoffeeGreybox", "Assembly-CSharp.csproj", "{0AF108AF-14D5-A318-1344-6CDB48753FB8}"
EndProject
Global
	GlobalSection(SolutionConfigurationPlatforms) = preSolution
		Debug|Any CPU = Debug|Any CPU
		Release|Any CPU = Release|Any CPU
	EndGlobalSection
	GlobalSection(ProjectConfigurationPlatforms) = postSolution
		{0AF108AF-14D5-A318-1344-6CDB48753FB8}.Debug|Any CPU.ActiveCfg = Debug|Any CPU
		{0AF108AF-14D5-A318-1344-6CDB48753FB8}.Debug|Any CPU.Build.0 = Debug|Any CPU
		{0AF108AF-14D5-A318-1344-6CDB48753FB8}.Release|Any CPU.ActiveCfg = Release|Any CPU
		{0AF108AF-14D5-A318-1344-6CDB48753FB8}.Release|Any CPU.Build.0 = Release|Any CPU
	EndGlobalSection
	GlobalSection(SolutionProperties) = preSolution
		HideSolutionNode = FALSE
	EndGlobalSection
	GlobalSection(MonoDevelopProperties) = preSolution
		StartupItem = Assembly-CSharp.csproj
	EndGlobalSection
EndGlobal
